{
  "name": "dsh-interactive-shell",
  "version": "0.1.0",
  "lockfileVersion": 3,
  "requires": true,
  "packages": {
    "": {
      "name": "dsh-interactive-shell",
      "version": "0.1.0",
      "license": "MIT",
      "dependencies": {
        "@deepseek-ai/schemastery": "^3.18.1-rc.1"
      },
      "devDependencies": {
        "@deepseek-ai/cordis": "^4.0.1",
        "@deepseek-ai/dsh-agent": "^0.1.1-rc.2",
        "@deepseek-ai/dsh-llm": "^0.1.1-rc.2",
        "@deepseek-ai/dsh-session": "^0.1.1-rc.2",
        "@deepseek-ai/dsh-subprocess": "^0.1.1-rc.2",
        "@deepseek-ai/dsh-terminal": "^0.1.1-rc.2",
        "@deepseek-ai/dsh-tools": "^0.1.1-rc.2",
        "@types/node": "^24.0.0",
        "oxlint": "^1.80.0",
        "typescript": "^5.8.0"
      },
      "engines": {
        "node": ">=22.19"
      },
      "peerDependencies": {
        "@deepseek-ai/cordis": "^4.0.1",
        "@deepseek-ai/dsh-agent": "^0.1.1-rc.2",
        "@deepseek-ai/dsh-llm": "^0.1.1-rc.2",
        "@deepseek-ai/dsh-session": "^0.1.1-rc.2",
        "@deepseek-ai/dsh-subprocess": "^0.1.1-rc.2",
        "@deepseek-ai/dsh-terminal": "^0.1.1-rc.2",
        "@deepseek-ai/dsh-tools": "^0.1.1-rc.2"
      }
    },
    "node_modules/@deepseek-ai/cordis": {
      "version": "4.0.1",
      "resolved": "https://registry.npmmirror.com/@deepseek-ai/cordis/-/cordis-4.0.1.tgz",
      "integrity": "sha512-YBdskTU2Po1kru3GgcUWUbkTsPMA9LkSQDAY8rBkFJeajdgcQad3QPJZE26JyK99Xb6HaASvoXg2DSUTeN/0Nw==",
      "dev": true,
      "license": "MIT",
      "dependencies": {
        "@deepseek-ai/cosmokit": "^1.8.2",
        "@standard-schema/spec": "^1.1.0"
      },
      "bin": {
        "cordis": "bin.js"
      },
      "peerDependencies": {
        "@deepseek-ai/cordis-plugin-include": "^1.0.6",
        "@deepseek-ai/cordis-plugin-loader": "^1.0.2"
      },
      "peerDependenciesMeta": {
        "@deepseek-ai/cordis-plugin-include": {
          "optional": true
        },
        "@deepseek-ai/cordis-plugin-loader": {
          "optional": true
        }
      }
    },
    "node_modules/@deepseek-ai/cosmokit": {
      "version": "1.8.2",
      "resolved": "https://registry.npmmirror.com/@deepseek-ai/cosmokit/-/cosmokit-1.8.2.tgz",
      "integrity": "sha512-muBOKtSrUKU5m/xpq8ZXWL6hQ/jgd4PhU2PqH97bcxIiLEJfNwZOGQEx4t/aS/GgxRAR+ra9pMHPMtTHU4sqqA==",
      "license": "MIT"
    },
    "node_modules/@deepseek-ai/dsh-agent": {
      "version": "0.1.1-rc.2",
      "resolved": "https://registry.npmmirror.com/@deepseek-ai/dsh-agent/-/dsh-agent-0.1.1-rc.2.tgz",
      "integrity": "sha512-cC7lnJe7JgPFcreNXxcxLMxQd78LnpVO9ZXROjZsGRQN1zGH6i/DduI892F1am85IfzzO+XTxMwwUHmfwamb0g==",
      "dev": true,
      "license": "MIT",
      "peerDependencies": {
        "@deepseek-ai/cordis": "^4.0.1",
        "@deepseek-ai/dsh-invariants": "^0.1.1-rc.2",
        "@deepseek-ai/dsh-llm": "^0.1.1-rc.2",
        "@deepseek-ai/dsh-scope": "^0.1.1-rc.2",
        "@deepseek-ai/dsh-session": "^0.1.1-rc.2",
        "@deepseek-ai/dsh-system-prompt": "^0.1.1-rc.2",
        "@deepseek-ai/dsh-typert-protocol": "^0.1.1-rc.2"
      }
    },
    "node_modules/@deepseek-ai/dsh-attachment": {
      "version": "0.1.1-rc.2",
      "resolved": "https://registry.npmmirror.com/@deepseek-ai/dsh-attachment/-/dsh-attachment-0.1.1-rc.2.tgz",
      "integrity": "sha512-rCYAt8QsawP1yfDCU7XxNwYT/XWvyFsxYrkwhLLkdfW83QVD0CQHizSkTQE7RFX74nKUD1z3sTLfnLr7xneArw==",
      "dev": true,
      "license": "MIT",
      "peer": true,
      "peerDependencies": {
        "@deepseek-ai/cordis": "^4.0.1",
        "@deepseek-ai/dsh-brand": "^0.1.1-rc.2",
        "@deepseek-ai/dsh-invariants": "^0.1.1-rc.2"
      }
    },
    "node_modules/@deepseek-ai/dsh-brand": {
      "version": "0.1.1-rc.2",
      "resolved": "https://registry.npmmirror.com/@deepseek-ai/dsh-brand/-/dsh-brand-0.1.1-rc.2.tgz",
      "integrity": "sha512-8vXsAXoUdzKAgvd/E9DgyT6HKmR6ZM4rtJ3fs/XoJ6n2kBk4tWil8Lv+jxCMWJeMOnTJF55gu2+NWQ3ECFPtJw==",
      "dev": true,
      "license": "MIT",
      "peer": true,
      "peerDependencies": {
        "@deepseek-ai/cordis": "^4.0.1",
        "@deepseek-ai/dsh-invariants": "^0.1.1-rc.2"
      }
    },
    "node_modules/@deepseek-ai/dsh-code-runtime": {
      "version": "0.1.1-rc.2",
      "resolved": "https://registry.npmmirror.com/@deepseek-ai/dsh-code-runtime/-/dsh-code-runtime-0.1.1-rc.2.tgz",
      "integrity": "sha512-SgFresqH5UABzRQZ7tOfqzOLMHF7089VeH+mfcwNQH5peOavgEKrAGOYz/9RnISH0XmMrj/x177t8gfO8Uvo/w==",
      "dev": true,
      "license": "MIT",
      "peer": true,
      "peerDependencies": {
        "@deepseek-ai/cordis": "^4.0.1",
        "@deepseek-ai/dsh-invariants": "^0.1.1-rc.2"
      }
    },
    "node_modules/@deepseek-ai/dsh-invariants": {
      "version": "0.1.1-rc.2",
      "resolved": "https://registry.npmmirror.com/@deepseek-ai/dsh-invariants/-/dsh-invariants-0.1.1-rc.2.tgz",
      "integrity": "sha512-l+1Om/EDFyMjhgSuEx2WDLLA2fia/+ga9mBTCoT/MMslsnWaK5G0/lWwbwlTBSaJ6OfmYc3DuBgox8DbgIGHRQ==",
      "dev": true,
      "license": "MIT",
      "peer": true,
      "dependencies": {
        "@deepseek-ai/schemastery": "^3.18.1"
      },
      "peerDependencies": {
        "@deepseek-ai/cordis": "^4.0.1"
      }
    },
    "node_modules/@deepseek-ai/dsh-llm": {
      "version": "0.1.1-rc.2",
      "resolved": "https://registry.npmmirror.com/@deepseek-ai/dsh-llm/-/dsh-llm-0.1.1-rc.2.tgz",
      "integrity": "sha512-ASJfjIdZbIXvLwi3rGo+eZb/GxMVV/WO5/XVD3B96mT8EIzrlw3+nMR6/CvmJVzcycKQ2XN0wj7jD6TasPRySA==",
      "dev": true,
      "license": "MIT",
      "dependencies": {
        "@deepseek-ai/schemastery": "^3.18.1"
      },
      "peerDependencies": {
        "@deepseek-ai/cordis": "^4.0.1",
        "@deepseek-ai/dsh-attachment": "^0.1.1-rc.2",
        "@deepseek-ai/dsh-brand": "^0.1.1-rc.2",
        "@deepseek-ai/dsh-invariants": "^0.1.1-rc.2",
        "@deepseek-ai/dsh-timeout": "^0.1.1-rc.2"
      }
    },
    "node_modules/@deepseek-ai/dsh-scope": {
      "version": "0.1.1-rc.2",
      "resolved": "https://registry.npmmirror.com/@deepseek-ai/dsh-scope/-/dsh-scope-0.1.1-rc.2.tgz",
      "integrity": "sha512-Xy3ejL6dwVSluZL7XOWy76ya4pCw1uHwxodDK4O9XiQUiUV4FBXnt0aNJUtMeAFN0c1YujxxCmRniMvuuNn1Nw==",
      "dev": true,
      "license": "MIT",
      "peer": true,
      "peerDependencies": {
        "@deepseek-ai/cordis": "^4.0.1",
        "@deepseek-ai/dsh-invariants": "^0.1.1-rc.2"
      }
    },
    "node_modules/@deepseek-ai/dsh-session": {
      "version": "0.1.1-rc.2",
      "resolved": "https://registry.npmmirror.com/@deepseek-ai/dsh-session/-/dsh-session-0.1.1-rc.2.tgz",
      "integrity": "sha512-4/cv6X9HPhm47eyRhCu/WZwzrtJKegk5J+0xaxcZ9i8S0smdxP57tqy8a0jkSshLQn7BzMFxneQrlYExrLrDhQ==",
      "dev": true,
      "license": "MIT",
      "peerDependencies": {
        "@deepseek-ai/cordis": "^4.0.1",
        "@deepseek-ai/dsh-brand": "^0.1.1-rc.2",
        "@deepseek-ai/dsh-invariants": "^0.1.1-rc.2",
        "@deepseek-ai/dsh-llm": "^0.1.1-rc.2",
        "@deepseek-ai/dsh-scope": "^0.1.1-rc.2",
        "@deepseek-ai/dsh-typert-protocol": "^0.1.1-rc.2"
      }
    },
    "node_modules/@deepseek-ai/dsh-subprocess": {
      "version": "0.1.1-rc.2",
      "resolved": "https://registry.npmmirror.com/@deepseek-ai/dsh-subprocess/-/dsh-subprocess-0.1.1-rc.2.tgz",
      "integrity": "sha512-YXEBaUfdkCJm4Wj/w08imS+1TMd3K4Rjr/xD5tuJR1I4/EnBCseP6AOlwjcrDP5PPWfOZghrK8H01sk6cqiK8Q==",
      "dev": true,
      "license": "MIT",
      "peerDependencies": {
        "@deepseek-ai/cordis": "^4.0.1",
        "@deepseek-ai/dsh-invariants": "^0.1.1-rc.2"
      }
    },
    "node_modules/@deepseek-ai/dsh-system-prompt": {
      "version": "0.1.1-rc.2",
      "resolved": "https://registry.npmmirror.com/@deepseek-ai/dsh-system-prompt/-/dsh-system-prompt-0.1.1-rc.2.tgz",
      "integrity": "sha512-on4hjAlYI5uX9q7Sf95YkMMBVe6heywtA/H50ksrIMUub8U2B98hO9iQpHhjwIO1F1vu+5pLcPvRr6yUGGmtXQ==",
      "dev": true,
      "license": "MIT",
      "peer": true,
      "dependencies": {
        "@deepseek-ai/schemastery": "^3.18.1"
      },
      "peerDependencies": {
        "@deepseek-ai/cordis": "^4.0.1",
        "@deepseek-ai/dsh-invariants": "^0.1.1-rc.2",
        "@deepseek-ai/dsh-llm": "^0.1.1-rc.2",
        "@deepseek-ai/dsh-scope": "^0.1.1-rc.2"
      }
    },
    "node_modules/@deepseek-ai/dsh-terminal": {
      "version": "0.1.1-rc.2",
      "resolved": "https://registry.npmmirror.com/@deepseek-ai/dsh-terminal/-/dsh-terminal-0.1.1-rc.2.tgz",
      "integrity": "sha512-NOsajXg4cX09coiLtCMgSqXAw90uptqyA9Njv6MVAOLgh6ctpjsolL3VIIWapSJ6AngsCTqVXW7sxexwpl0yUw==",
      "dev": true,
      "license": "MIT",
      "peerDependencies": {
        "@deepseek-ai/cordis": "^4.0.1",
        "@deepseek-ai/dsh-agent": "^0.1.1-rc.2",
        "@deepseek-ai/dsh-brand": "^0.1.1-rc.2",
        "@deepseek-ai/dsh-invariants": "^0.1.1-rc.2"
      }
    },
    "node_modules/@deepseek-ai/dsh-timeout": {
      "version": "0.1.1-rc.2",
      "resolved": "https://registry.npmmirror.com/@deepseek-ai/dsh-timeout/-/dsh-timeout-0.1.1-rc.2.tgz",
      "integrity": "sha512-RrouVgU3G5gXr9zHhpThkMG6YKdcRJzXXdPm1dq3ioBxbvxlfMSfNY4tN8lWMJxLyGtvWkPra0HQX+YWxvdOOA==",
      "dev": true,
      "license": "MIT",
      "peer": true,
      "peerDependencies": {
        "@deepseek-ai/cordis": "^4.0.1",
        "@deepseek-ai/dsh-invariants": "^0.1.1-rc.2"
      }
    },
    "node_modules/@deepseek-ai/dsh-tools": {
      "version": "0.1.1-rc.2",
      "resolved": "https://registry.npmmirror.com/@deepseek-ai/dsh-tools/-/dsh-tools-0.1.1-rc.2.tgz",
      "integrity": "sha512-0GGL4D55MwYDepzZMOI3L0ycu5b2qr96GL0Y7snwhAnpK2Di61rbX3fJE+PB3ZrovGX0csIRdt9n3iJZDVtDrw==",
      "dev": true,
      "license": "MIT",
      "dependencies": {
        "@deepseek-ai/schemastery": "^3.18.1"
      },
      "peerDependencies": {
        "@deepseek-ai/cordis": "^4.0.1",
        "@deepseek-ai/dsh-agent": "^0.1.1-rc.2",
        "@deepseek-ai/dsh-code-runtime": "^0.1.1-rc.2",
        "@deepseek-ai/dsh-invariants": "^0.1.1-rc.2",
        "@deepseek-ai/dsh-llm": "^0.1.1-rc.2",
        "@deepseek-ai/dsh-scope": "^0.1.1-rc.2",
        "@deepseek-ai/dsh-session": "^0.1.1-rc.2",
        "@deepseek-ai/dsh-system-prompt": "^0.1.1-rc.2",
        "@deepseek-ai/dsh-user-approval": "^0.1.1-rc.2"
      }
    },
    "node_modules/@deepseek-ai/dsh-typert-protocol": {
      "version": "0.1.1-rc.2",
      "resolved": "https://registry.npmmirror.com/@deepseek-ai/dsh-typert-protocol/-/dsh-typert-protocol-0.1.1-rc.2.tgz",
      "integrity": "sha512-lxBssDc5Pz1qBE5kuIyaArA7AvIPq9rpaVclylodiSzVJe95e2xruBg73tflyjtd8y00toet+DLgQ6tSSsq6Kw==",
      "dev": true,
      "license": "MIT",
      "peer": true,
      "peerDependencies": {
        "@deepseek-ai/cordis": "^4.0.1",
        "@deepseek-ai/dsh-invariants": "^0.1.1-rc.2"
      }
    },
    "node_modules/@deepseek-ai/dsh-user-approval": {
      "version": "0.1.1-rc.2",
      "resolved": "https://registry.npmmirror.com/@deepseek-ai/dsh-user-approval/-/dsh-user-approval-0.1.1-rc.2.tgz",
      "integrity": "sha512-SdsO4Rs+NeJFoertkVilXBACREOLfkKPJJznYKqDhJxeRo38RJ56dtj0Xd0/6rERmsQiMck4Bwdrzg1ubUqPNA==",
      "dev": true,
      "license": "MIT",
      "peer": true,
      "dependencies": {
        "@deepseek-ai/schemastery": "^3.18.1"
      },
      "peerDependencies": {
        "@deepseek-ai/cordis": "^4.0.1",
        "@deepseek-ai/dsh-agent": "^0.1.1-rc.2",
        "@deepseek-ai/dsh-brand": "^0.1.1-rc.2",
        "@deepseek-ai/dsh-invariants": "^0.1.1-rc.2",
        "@deepseek-ai/dsh-llm": "^0.1.1-rc.2",
        "@deepseek-ai/dsh-scope": "^0.1.1-rc.2",
        "@deepseek-ai/dsh-session": "^0.1.1-rc.2",
        "@deepseek-ai/dsh-system-prompt": "^0.1.1-rc.2"
      }
    },
    "node_modules/@deepseek-ai/schemastery": {
      "version": "3.18.1",
      "resolved": "https://registry.npmmirror.com/@deepseek-ai/schemastery/-/schemastery-3.18.1.tgz",
      "integrity": "sha512-Qn0FCSwCQnpnj6SB31I6i2sIKgKWnkbJM8O0EU91Gv2UsYVvtZTl6IA0sCwk2e2MZf5S8w5hpq9QkeVvK9qwxg==",
      "license": "MIT",
      "dependencies": {
        "@deepseek-ai/cosmokit": "^1.8.2",
        "@standard-schema/spec": "^1.1.0"
      }
    },
    "node_modules/@oxlint/binding-android-arm-eabi": {
      "version": "1.80.0",
      "resolved": "https://registry.npmmirror.com/@oxlint/binding-android-arm-eabi/-/binding-android-arm-eabi-1.80.0.tgz",
      "integrity": "sha512-RM3Plj+biQpxa5d1GOOX6ciDlcUROmm4OZ/pLTpitkQt2mJv4jhtY4cbgaetOm5UKWZe05/TGQ6o1Vl8EOHkrA==",
      "cpu": [
        "arm"
      ],
      "dev": true,
      "license": "MIT",
      "optional": true,
      "os": [
        "android"
      ],
      "engines": {
        "node": "^20.19.0 || >=22.12.0"
      }
    },
    "node_modules/@oxlint/binding-android-arm64": {
      "version": "1.80.0",
      "resolved": "https://registry.npmmirror.com/@oxlint/binding-android-arm64/-/binding-android-arm64-1.80.0.tgz",
      "integrity": "sha512-YlO5JEf0Yr2bUUlu8O8daVcUxtcGGbcSmyV7E7nSbJbfAdxTE0PFPwgnIlw7wXJaTYjb+qs5hI5q3jxUkI7cAw==",
      "cpu": [
        "arm64"
      ],
      "dev": true,
      "license": "MIT",
      "optional": true,
      "os": [
        "android"
      ],
      "engines": {
        "node": "^20.19.0 || >=22.12.0"
      }
    },
    "node_modules/@oxlint/binding-darwin-arm64": {
      "version": "1.80.0",
      "resolved": "https://registry.npmmirror.com/@oxlint/binding-darwin-arm64/-/binding-darwin-arm64-1.80.0.tgz",
      "integrity": "sha512-BULDOyO3AhsmdWfQeIUCykDt3dd7XZBGLhp1eIh56skRv01O+cNjNPwXMIbeW1x4+pxcln5if72wcRgViVo7PA==",
      "cpu": [
        "arm64"
      ],
      "dev": true,
      "license": "MIT",
      "optional": true,
      "os": [
        "darwin"
      ],
      "engines": {
        "node": "^20.19.0 || >=22.12.0"
      }
    },
    "node_modules/@oxlint/binding-darwin-x64": {
      "version": "1.80.0",
      "resolved": "https://registry.npmmirror.com/@oxlint/binding-darwin-x64/-/binding-darwin-x64-1.80.0.tgz",
      "integrity": "sha512-YJ4JzLw7N5TDSQFlA0hAQGHvnDZgyypm1yunObVWcWiF9KM7eGCJKYKLgTC2Fi/57OdnBhbj4OkzPGdFQJ6HyA==",
      "cpu": [
        "x64"
      ],
      "dev": true,
      "license": "MIT",
      "optional": true,
      "os": [
        "darwin"
      ],
      "engines": {
        "node": "^20.19.0 || >=22.12.0"
      }
    },
    "node_modules/@oxlint/binding-freebsd-x64": {
      "version": "1.80.0",
      "resolved": "https://registry.npmmirror.com/@oxlint/binding-freebsd-x64/-/binding-freebsd-x64-1.80.0.tgz",
      "integrity": "sha512-AYUIk5QnL0s8oWAYsREZwkRYy1SupJTXALo93J1TgzHywxQtdM99FecRMQ87MXEdPQ0j1TmEpeeq3fGNkpvMqg==",
      "cpu": [
        "x64"
      ],
      "dev": true,
      "license": "MIT",
      "optional": true,
      "os": [
        "freebsd"
      ],
      "engines": {
        "node": "^20.19.0 || >=22.12.0"
      }
    },
    "node_modules/@oxlint/binding-linux-arm-gnueabihf": {
      "version": "1.80.0",
      "resolved": "https://registry.npmmirror.com/@oxlint/binding-linux-arm-gnueabihf/-/binding-linux-arm-gnueabihf-1.80.0.tgz",
      "integrity": "sha512-9hBZVANupQ89W9dXyE0n8doCyaW5pDyGn3y6XlIMPZ+rIKuyqkr3SNUXmVJIhuvUq0NBU3RBiSXXE69l4XI6KA==",
      "cpu": [
        "arm"
      ],
      "dev": true,
      "license": "MIT",
      "optional": true,
      "os": [
        "linux"
      ],
      "engines": {
        "node": "^20.19.0 || >=22.12.0"
      }
    },
    "node_modules/@oxlint/binding-linux-arm-musleabihf": {
      "version": "1.80.0",
      "resolved": "https://registry.npmmirror.com/@oxlint/binding-linux-arm-musleabihf/-/binding-linux-arm-musleabihf-1.80.0.tgz",
      "integrity": "sha512-SvS2uKqzY+pbfuvAHzH4338R6Zwo805GAwrIMVvK1KxoOWCIjZUdfzTCvilD7z6JK91v011+zYMryabhDo2AsQ==",
      "cpu": [
        "arm"
      ],
      "dev": true,
      "license": "MIT",
      "optional": true,
      "os": [
        "linux"
      ],
      "engines": {
        "node": "^20.19.0 || >=22.12.0"
      }
    },
    "node_modules/@oxlint/binding-linux-arm64-gnu": {
      "version": "1.80.0",
      "resolved": "https://registry.npmmirror.com/@oxlint/binding-linux-arm64-gnu/-/binding-linux-arm64-gnu-1.80.0.tgz",
      "integrity": "sha512-tCLadyqRVL3pQTRPNg7cjXKvcvS4fbyXeQHhKk5BTJ1oftQln5/yIIWbu/Xom/DX41zv2P9QGt6+D/TtQVtY3A==",
      "cpu": [
        "arm64"
      ],
      "dev": true,
      "libc": [
        "glibc"
      ],
      "license": "MIT",
      "optional": true,
      "os": [
        "linux"
      ],
      "engines": {
        "node": "^20.19.0 || >=22.12.0"
      }
    },
    "node_modules/@oxlint/binding-linux-arm64-musl": {
      "version": "1.80.0",
      "resolved": "https://registry.npmmirror.com/@oxlint/binding-linux-arm64-musl/-/binding-linux-arm64-musl-1.80.0.tgz",
      "integrity": "sha512-XfpCNRlOPcLlJl4Bn/FUhjqlR6BVavEykERBf/MV7YA9VZDa5g5znVqYhyviMafcxS9Pe/i/kPvHNO0U6svEHQ==",
      "cpu": [
        "arm64"
      ],
      "dev": true,
      "libc": [
        "musl"
      ],
      "license": "MIT",
      "optional": true,
      "os": [
        "linux"
      ],
      "engines": {
        "node": "^20.19.0 || >=22.12.0"
      }
    },
    "node_modules/@oxlint/binding-linux-ppc64-gnu": {
      "version": "1.80.0",
      "resolved": "https://registry.npmmirror.com/@oxlint/binding-linux-ppc64-gnu/-/binding-linux-ppc64-gnu-1.80.0.tgz",
      "integrity": "sha512-3I4yMwcFG9NeO8ioY6JBBuKsIm5GL/x7MATt1S4tVWaxPu5HcJ+XnLUbcVBTxG8q2Wu56HSj+NmXQiVYb1lp6A==",
      "cpu": [
        "ppc64"
      ],
      "dev": true,
      "libc": [
        "glibc"
      ],
      "license": "MIT",
      "optional": true,
      "os": [
        "linux"
      ],
      "engines": {
        "node": "^20.19.0 || >=22.12.0"
      }
    },
    "node_modules/@oxlint/binding-linux-riscv64-gnu": {
      "version": "1.80.0",
      "resolved": "https://registry.npmmirror.com/@oxlint/binding-linux-riscv64-gnu/-/binding-linux-riscv64-gnu-1.80.0.tgz",
      "integrity": "sha512-E1wAKymkpe1/E8helzBKdm81OBOF+ezxRyXRMEuik3ZpWDER5CPOKZwF66RsdwW98uwZv8UTFremUQtC1CzdJA==",
      "cpu": [
        "riscv64"
      ],
      "dev": true,
      "libc": [
        "glibc"
      ],
      "license": "MIT",
      "optional": true,
      "os": [
        "linux"
      ],
      "engines": {
        "node": "^20.19.0 || >=22.12.0"
      }
    },
    "node_modules/@oxlint/binding-linux-riscv64-musl": {
      "version": "1.80.0",
      "resolved": "https://registry.npmmirror.com/@oxlint/binding-linux-riscv64-musl/-/binding-linux-riscv64-musl-1.80.0.tgz",
      "integrity": "sha512-+gLRGD4sIo3+VA++iham5UxD9tKSoJ/VOrROCEXIcknrYtQg6iIQgvjN0cpiRF7N6UYC7pJbvHJlDnMge5LRpQ==",
      "cpu": [
        "riscv64"
      ],
      "dev": true,
      "libc": [
        "musl"
      ],
      "license": "MIT",
      "optional": true,
      "os": [
        "linux"
      ],
      "engines": {
        "node": "^20.19.0 || >=22.12.0"
      }
    },
    "node_modules/@oxlint/binding-linux-s390x-gnu": {
      "version": "1.80.0",
      "resolved": "https://registry.npmmirror.com/@oxlint/binding-linux-s390x-gnu/-/binding-linux-s390x-gnu-1.80.0.tgz",
      "integrity": "sha512-aR0PrzHj9leW3NmzBAAP4EzdoBNoJcs9sjnIQPIwyRnBGYrRbXUIpEB5Q39AqK3PLY5JK5uEhDQDiUa1QSAstw==",
      "cpu": [
        "s390x"
      ],
      "dev": true,
      "libc": [
        "glibc"
      ],
      "license": "MIT",
      "optional": true,
      "os": [
        "linux"
      ],
      "engines": {
        "node": "^20.19.0 || >=22.12.0"
      }
    },
    "node_modules/@oxlint/binding-linux-x64-gnu": {
      "version": "1.80.0",
      "resolved": "https://registry.npmmirror.com/@oxlint/binding-linux-x64-gnu/-/binding-linux-x64-gnu-1.80.0.tgz",
      "integrity": "sha512-vSVh5cSo3Xxs6ghBCcFJlpbkbENzDog1qXtoXLa/HC3aCrR4XO76GZbXmQoCPHnu99nQpdCeC3H9tdNICfDh7A==",
      "cpu": [
        "x64"
      ],
      "dev": true,
      "libc": [
        "glibc"
      ],
      "license": "MIT",
      "optional": true,
      "os": [
        "linux"
      ],
      "engines": {
        "node": "^20.19.0 || >=22.12.0"
      }
    },
    "node_modules/@oxlint/binding-linux-x64-musl": {
      "version": "1.80.0",
      "resolved": "https://registry.npmmirror.com/@oxlint/binding-linux-x64-musl/-/binding-linux-x64-musl-1.80.0.tgz",
      "integrity": "sha512-FfzBXpNQ8u7/ZI/p8bl73MeZ508Ax3hxWp3SiJpEFiC+BB9XcXy5FAZHTLKDPSzrUpxQZSZJAVdDmuJp/+HDBQ==",
      "cpu": [
        "x64"
      ],
      "dev": true,
      "libc": [
        "musl"
      ],
      "license": "MIT",
      "optional": true,
      "os": [
        "linux"
      ],
      "engines": {
        "node": "^20.19.0 || >=22.12.0"
      }
    },
    "node_modules/@oxlint/binding-openharmony-arm64": {
      "version": "1.80.0",
      "resolved": "https://registry.npmmirror.com/@oxlint/binding-openharmony-arm64/-/binding-openharmony-arm64-1.80.0.tgz",
      "integrity": "sha512-zMzbkumtmprCgRwoYNzcB3iC39fXdJIMLMU33KdCjEGLlJGOEt1+LwQ4LF8ndLzAEKVz4BR0y3V6Xrkk3Nm3yA==",
      "cpu": [
        "arm64"
      ],
      "dev": true,
      "license": "MIT",
      "optional": true,
      "os": [
        "openharmony"
      ],
      "engines": {
        "node": "^20.19.0 || >=22.12.0"
      }
    },
    "node_modules/@oxlint/binding-win32-arm64-msvc": {
      "version": "1.80.0",
      "resolved": "https://registry.npmmirror.com/@oxlint/binding-win32-arm64-msvc/-/binding-win32-arm64-msvc-1.80.0.tgz",
      "integrity": "sha512-ib6iRcrXsk4t1fm3iKcwksyWh1ZkZXC/2mEzakl0ai2+6HZunf1WWMZ/xP9EJAvw9g9K4UVTC3NF/+G2qLrbTQ==",
      "cpu": [
        "arm64"
      ],
      "dev": true,
      "license": "MIT",
      "optional": true,
      "os": [
        "win32"
      ],
      "engines": {
        "node": "^20.19.0 || >=22.12.0"
      }
    },
    "node_modules/@oxlint/binding-win32-ia32-msvc": {
      "version": "1.80.0",
      "resolved": "https://registry.npmmirror.com/@oxlint/binding-win32-ia32-msvc/-/binding-win32-ia32-msvc-1.80.0.tgz",
      "integrity": "sha512-xhRWBMpLxZvgKAH6+DJZmpP+W8Y8UdQOSU1JfxSWNXsaBaRGW77j+1hCuNHlzj7OH4SPN8fYd1q0o2qrDtoVyw==",
      "cpu": [
        "ia32"
      ],
      "dev": true,
      "license": "MIT",
      "optional": true,
      "os": [
        "win32"
      ],
      "engines": {
        "node": "^20.19.0 || >=22.12.0"
      }
    },
    "node_modules/@oxlint/binding-win32-x64-msvc": {
      "version": "1.80.0",
      "resolved": "https://registry.npmmirror.com/@oxlint/binding-win32-x64-msvc/-/binding-win32-x64-msvc-1.80.0.tgz",
      "integrity": "sha512-yAnO7lwBYQnz2pcfBPIGQQZWIX5zd5R/1aAKIF3oE+TVj7IhoHcROjOkz3sRDngzqhfPKfFaXqug5j5rE5dn6Q==",
      "cpu": [
        "x64"
      ],
      "dev": true,
      "license": "MIT",
      "optional": true,
      "os": [
        "win32"
      ],
      "engines": {
        "node": "^20.19.0 || >=22.12.0"
      }
    },
    "node_modules/@standard-schema/spec": {
      "version": "1.1.0",
      "resolved": "https://registry.npmmirror.com/@standard-schema/spec/-/spec-1.1.0.tgz",
      "integrity": "sha512-l2aFy5jALhniG5HgqrD6jXLi/rUWrKvqN/qJx6yoJsgKhblVd+iqqU4RCXavm/jPityDo5TCvKMnpjKnOriy0w==",
      "license": "MIT"
    },
    "node_modules/@types/node": {
      "version": "24.13.3",
      "resolved": "https://registry.npmmirror.com/@types/node/-/node-24.13.3.tgz",
      "integrity": "sha512-Dh8vAsV36ig5wa9OX4pXvMc9D3Veibfw2wix0CUwYODLD8nkj9UsLjASr49nPg+2eKzxhBV+v7L8pXvT4e639Q==",
      "dev": true,
      "license": "MIT",
      "dependencies": {
        "undici-types": "~7.18.0"
      }
    },
    "node_modules/oxlint": {
      "version": "1.80.0",
      "resolved": "https://registry.npmmirror.com/oxlint/-/oxlint-1.80.0.tgz",
      "integrity": "sha512-5nTiSps4qdbCWLbxzuO00alHkEO2exR9YMN/ig6QXWrLsYSG0KaObOAM+l6oU2LcKPWoSAGYbkZIGEu1ViiWKA==",
      "dev": true,
      "license": "MIT",
      "bin": {
        "oxlint": "bin/oxlint"
      },
      "engines": {
        "node": "^20.19.0 || >=22.12.0"
      },
      "funding": {
        "url": "https://github.com/sponsors/Boshen"
      },
      "optionalDependencies": {
        "@oxlint/binding-android-arm-eabi": "1.80.0",
        "@oxlint/binding-android-arm64": "1.80.0",
        "@oxlint/binding-darwin-arm64": "1.80.0",
        "@oxlint/binding-darwin-x64": "1.80.0",
        "@oxlint/binding-freebsd-x64": "1.80.0",
        "@oxlint/binding-linux-arm-gnueabihf": "1.80.0",
        "@oxlint/binding-linux-arm-musleabihf": "1.80.0",
        "@oxlint/binding-linux-arm64-gnu": "1.80.0",
        "@oxlint/binding-linux-arm64-musl": "1.80.0",
        "@oxlint/binding-linux-ppc64-gnu": "1.80.0",
        "@oxlint/binding-linux-riscv64-gnu": "1.80.0",
        "@oxlint/binding-linux-riscv64-musl": "1.80.0",
        "@oxlint/binding-linux-s390x-gnu": "1.80.0",
        "@oxlint/binding-linux-x64-gnu": "1.80.0",
        "@oxlint/binding-linux-x64-musl": "1.80.0",
        "@oxlint/binding-openharmony-arm64": "1.80.0",
        "@oxlint/binding-win32-arm64-msvc": "1.80.0",
        "@oxlint/binding-win32-ia32-msvc": "1.80.0",
        "@oxlint/binding-win32-x64-msvc": "1.80.0"
      },
      "peerDependencies": {
        "oxlint-tsgolint": ">=7.0.2001",
        "vite-plus": "*"
      },
      "peerDependenciesMeta": {
        "oxlint-tsgolint": {
          "optional": true
        },
        "vite-plus": {
          "optional": true
        }
      }
    },
    "node_modules/typescript": {
      "version": "5.9.3",
      "resolved": "https://registry.npmmirror.com/typescript/-/typescript-5.9.3.tgz",
      "integrity": "sha512-jl1vZzPDinLr9eUt3J/t7V6FgNEw9QjvBPdysz9KfQDD41fQrC2Y4vKQdiaUpFT4bXlb1RHhLpp8wtm6M5TgSw==",
      "dev": true,
      "license": "Apache-2.0",
      "bin": {
        "tsc": "bin/tsc",
        "tsserver": "bin/tsserver"
      },
      "engines": {
        "node": ">=14.17"
      }
    },
    "node_modules/undici-types": {
      "version": "7.18.2",
      "resolved": "https://registry.npmmirror.com/undici-types/-/undici-types-7.18.2.tgz",
      "integrity": "sha512-AsuCzffGHJybSaRrmr5eHr81mwJU3kjw6M+uprWvCXiNeN9SOGwQ3Jn8jb8m3Z6izVgknn1R0FTCEAP2QrLY/w==",
      "dev": true,
      "license": "MIT"
    }
  }
}
